
Microsoft Visual Studio Solution File, Format Version 12.00
# Visual Studio Version 17
VisualStudioVersion = 17.5.002.0
MinimumVisualStudioVersion = 10.0.40219.1
Project("{9A19103F-16F7-4668-BE54-9A1E7A4F7556}") = "tl1-tp7-2024-jorgedonaire", "tl1-tp7-2024-jorgedonaire.csproj", "{60640A7D-0856-4D9D-ABDD-73EE1FB40164}"
EndProject
Global
	GlobalSection(SolutionConfigurationPlatforms) = preSolution
		Debug|Any CPU = Debug|Any CPU
		Release|Any CPU = Release|Any CPU
	EndGlobalSection
	GlobalSection(ProjectConfigurationPlatforms) = postSolution
		{60640A7D-0856-4D9D-ABDD-73EE1FB40164}.Debug|Any CPU.ActiveCfg = Debug|Any CPU
		{60640A7D-0856-4D9D-ABDD-73EE1FB40164}.Debug|Any CPU.Build.0 = Debug|Any CPU
		{60640A7D-0856-4D9D-ABDD-73EE1FB40164}.Release|Any CPU.ActiveCfg = Release|Any CPU
		{60640A7D-0856-4D9D-ABDD-73EE1FB40164}.Release|Any CPU.Build.0 = Release|Any CPU
	EndGlobalSection
	GlobalSection(SolutionProperties) = preSolution
		HideSolutionNode = FALSE
	EndGlobalSection
	GlobalSection(ExtensibilityGlobals) = postSolution
		SolutionGuid = {57929E2F-843D-4979-98CC-DEFA138AFE28}
	EndGlobalSection
EndGlobal
